// !$*UTF8*$!
{
	archiveVersion = 1;
	classes = {
	};
	objectVersion = 46;
	objects = {

/* Begin PBXBuildFile section */
		7E5487F71971A8DF004E5977 /* main.swift in Sources */ = {isa = PBXBuildFile; fileRef = 7E5487F61971A8DF004E5977 /* main.swift */; };
		7E5487FF1971A8F8004E5977 /* MyClass.m in Sources */ = {isa = PBXBuildFile; fileRef = 7E5487FE1971A8F8004E5977 /* MyClass.m */; };
		7E5488021971ABF4004E5977 /* output.c in Sources */ = {isa = PBXBuildFile; fileRef = 7E5488011971ABF4004E5977 /* output.c */; };
/* End PBXBuildFile section */

/* Begin PBXCopyFilesBuildPhase section */
		7E5487F11971A8DF004E5977 /* CopyFiles */ = {
			isa = PBXCopyFilesBuildPhase;
			buildActionMask = 2147483647;
			dstPath = /usr/share/man/man1/;
			dstSubfolderSpec = 0;
			files = (
			);
			runOnlyForDeploymentPostprocessing = 1;
		};
/* End PBXCopyFilesBuildPhase section */

/* Begin PBXFileReference section */
		7E5487F31971A8DF004E5977 /* ObjcBridge */ = {isa = PBXFileReference; explicitFileType = "compiled.mach-o.executable"; includeInIndex = 0; path = ObjcBridge; sourceTree = BUILT_PRODUCTS_DIR; };
		7E5487F61971A8DF004E5977 /* main.swift */ = {isa = PBXFileReference; lastKnownFileType = sourcecode.swift; path = main.swift; sourceTree = "<group>"; };
		7E5487FD1971A8F8004E5977 /* ObjcBridge-Bridging-Header.h */ = {isa = PBXFileReference; lastKnownFileType = sourcecode.c.h; path = "ObjcBridge-Bridging-Header.h"; sourceTree = SOURCE_ROOT; };
		7E5487FE1971A8F8004E5977 /* MyClass.m */ = {isa = PBXFileReference; fileEncoding = 4; lastKnownFileType = sourcecode.c.objc; name = MyClass.m; path = ../MyClass.m; sourceTree = "<group>"; };
		7E5488001971A908004E5977 /* MyClass.h */ = {isa = PBXFileReference; lastKnownFileType = sourcecode.c.h; name = MyClass.h; path = ../MyClass.h; sourceTree = "<group>"; };
		7E5488011971ABF4004E5977 /* output.c */ = {isa = PBXFileReference; fileEncoding = 4; lastKnownFileType = sourcecode.c.c; name = output.c; path = ../output.c; sourceTree = "<group>"; };
/* End PBXFileReference section */

/* Begin PBXFrameworksBuildPhase section */
		7E5487F01971A8DF004E5977 /* Frameworks */ = {
			isa = PBXFrameworksBuildPhase;
			buildActionMask = 2147483647;
			files = (
			);
			runOnlyForDeploymentPostprocessing = 0;
		};
/* End PBXFrameworksBuildPhase section */

/* Begin PBXGroup section */
		7E5487EA1971A8DF004E5977 = {
			isa = PBXGroup;
			children = (
				7E5487F51971A8DF004E5977 /* ObjcBridge */,
				7E5487F41971A8DF004E5977 /* Products */,
			);
			sourceTree = "<group>";
		};
		7E5487F41971A8DF004E5977 /* Products */ = {
			isa = PBXGroup;
			children = (
				7E5487F31971A8DF004E5977 /* ObjcBridge */,
			);
			name = Products;
			sourceTree = "<group>";
		};
		7E5487F51971A8DF004E5977 /* ObjcBridge */ = {
			isa = PBXGroup;
			children = (
				7E5487F61971A8DF004E5977 /* main.swift */,
				7E5487FE1971A8F8004E5977 /* MyClass.m */,
				7E5488001971A908004E5977 /* MyClass.h */,
				7E5488011971ABF4004E5977 /* output.c */,
				7E5487FD1971A8F8004E5977 /* ObjcBridge-Bridging-Header.h */,
			);
			path = ObjcBridge;
			sourceTree = "<group>";
		};
/* End PBXGroup section */

/* Begin PBXNativeTarget section */
		7E5487F21971A8DF004E5977 /* ObjcBridge */ = {
			isa = PBXNativeTarget;
			buildConfigurationList = 7E5487FA1971A8DF004E5977 /* Build configuration list for PBXNativeTarget "ObjcBridge" */;
			buildPhases = (
				7E5487EF1971A8DF004E5977 /* Sources */,
				7E5487F01971A8DF004E5977 /* Frameworks */,
				7E5487F11971A8DF004E5977 /* CopyFiles */,
			);
			buildRules = (
			);
			dependencies = (
			);
			name = ObjcBridge;
			productName = ObjcBridge;
			productReference = 7E5487F31971A8DF004E5977 /* ObjcBridge */;
			productType = "com.apple.product-type.tool";
		};
/* End PBXNativeTarget section */

/* Begin PBXProject section */
		7E5487EB1971A8DF004E5977 /* Project object */ = {
			isa = PBXProject;
			attributes = {
				LastUpgradeCheck = 0600;
				ORGANIZATIONNAME = "Bas Jansen";
				TargetAttributes = {
					7E5487F21971A8DF004E5977 = {
						CreatedOnToolsVersion = 6.0;
					};
				};
			};
			buildConfigurationList = 7E5487EE1971A8DF004E5977 /* Build configuration list for PBXProject "ObjcBridge" */;
			compatibilityVersion = "Xcode 3.2";
			developmentRegion = English;
			hasScannedForEncodings = 0;
			knownRegions = (
				en,
			);
			mainGroup = 7E5487EA1971A8DF004E5977;
			productRefGroup = 7E5487F41971A8DF004E5977 /* Products */;
			projectDirPath = "";
			projectRoot = "";
			targets = (
				7E5487F21971A8DF004E5977 /* ObjcBridge */,
			);
		};
/* End PBXProject section */

/* Begin PBXSourcesBuildPhase section */
		7E5487EF1971A8DF004E5977 /* Sources */ = {
			isa = PBXSourcesBuildPhase;
			buildActionMask = 2147483647;
			files = (
				7E5488021971ABF4004E5977 /* output.c in Sources */,
				7E5487FF1971A8F8004E5977 /* MyClass.m in Sources */,
				7E5487F71971A8DF004E5977 /* main.swift in Sources */,
			);
			runOnlyForDeploymentPostprocessing = 0;
		};
/* End PBXSourcesBuildPhase section */

/* Begin XCBuildConfiguration section */
		7E5487F81971A8DF004E5977 /* Debug */ = {
			isa = XCBuildConfiguration;
			buildSettings = {
				ALWAYS_SEARCH_USER_PATHS = NO;
				CLANG_CXX_LANGUAGE_STANDARD = "gnu++0x";
				CLANG_CXX_LIBRARY = "libc++";
				CLANG_ENABLE_MODULES = YES;
				CLANG_ENABLE_OBJC_ARC = YES;
				CLANG_WARN_BOOL_CONVERSION = YES;
				CLANG_WARN_CONSTANT_CONVERSION = YES;
				CLANG_WARN_DIRECT_OBJC_ISA_USAGE = YES_ERROR;
				CLANG_WARN_EMPTY_BODY = YES;
				CLANG_WARN_ENUM_CONVERSION = YES;
				CLANG_WARN_INT_CONVERSION = YES;
				CLANG_WARN_OBJC_ROOT_CLASS = YES_ERROR;
				CLANG_WARN_UNREACHABLE_CODE = YES;
				CLANG_WARN__DUPLICATE_METHOD_MATCH = YES;
				COPY_PHASE_STRIP = NO;
				ENABLE_STRICT_OBJC_MSGSEND = YES;
				GCC_C_LANGUAGE_STANDARD = gnu99;
				GCC_DYNAMIC_NO_PIC = NO;
				GCC_OPTIMIZATION_LEVEL = 0;
				GCC_PREPROCESSOR_DEFINITIONS = (
					"DEBUG=1",
					"$(inherited)",
				);
				GCC_SYMBOLS_PRIVATE_EXTERN = NO;
				GCC_WARN_64_TO_32_BIT_CONVERSION = YES;
				GCC_WARN_ABOUT_RETURN_TYPE = YES_ERROR;
				GCC_WARN_UNDECLARED_SELECTOR = YES;
				GCC_WARN_UNINITIALIZED_AUTOS = YES_AGGRESSIVE;
				GCC_WARN_UNUSED_FUNCTION = YES;
				GCC_WARN_UNUSED_VARIABLE = YES;
				MACOSX_DEPLOYMENT_TARGET = 10.9;
				METAL_ENABLE_DEBUG_INFO = YES;
				ONLY_ACTIVE_ARCH = YES;
				SDKROOT = macosx;
				SWIFT_OPTIMIZATION_LEVEL = "-Onone";
			};
			name = Debug;
		};
		7E5487F91971A8DF004E5977 /* Release */ = {
			isa = XCBuildConfiguration;
			buildSettings = {
				ALWAYS_SEARCH_USER_PATHS = NO;
				CLANG_CXX_LANGUAGE_STANDARD = "gnu++0x";
				CLANG_CXX_LIBRARY = "libc++";
				CLANG_ENABLE_MODULES = YES;
				CLANG_ENABLE_OBJC_ARC = YES;
				CLANG_WARN_BOOL_CONVERSION = YES;
				CLANG_WARN_CONSTANT_CONVERSION = YES;
				CLANG_WARN_DIRECT_OBJC_ISA_USAGE = YES_ERROR;
				CLANG_WARN_EMPTY_BODY = YES;
				CLANG_WARN_ENUM_CONVERSION = YES;
				CLANG_WARN_INT_CONVERSION = YES;
				CLANG_WARN_OBJC_ROOT_CLASS = YES_ERROR;
				CLANG_WARN_UNREACHABLE_CODE = YES;
				CLANG_WARN__DUPLICATE_METHOD_MATCH = YES;
				COPY_PHASE_STRIP = YES;
				DEBUG_INFORMATION_FORMAT = "dwarf-with-dsym";
				ENABLE_NS_ASSERTIONS = NO;
				ENABLE_STRICT_OBJC_MSGSEND = YES;
				GCC_C_LANGUAGE_STANDARD = gnu99;
				GCC_WARN_64_TO_32_BIT_CONVERSION = YES;
				GCC_WARN_ABOUT_RETURN_TYPE = YES_ERROR;
				GCC_WARN_UNDECLARED_SELECTOR = YES;
				GCC_WARN_UNINITIALIZED_AUTOS = YES_AGGRESSIVE;
				GCC_WARN_UNUSED_FUNCTION = YES;
				GCC_WARN_UNUSED_VARIABLE = YES;
				MACOSX_DEPLOYMENT_TARGET = 10.9;
				METAL_ENABLE_DEBUG_INFO = NO;
				SDKROOT = macosx;
			};
			name = Release;
		};
		7E5487FB1971A8DF004E5977 /* Debug */ = {
			isa = XCBuildConfiguration;
			buildSettings = {
				CLANG_ENABLE_MODULES = YES;
				LD_RUNPATH_SEARCH_PATHS = "$(inherited) @executable_path/../Frameworks @loader_path/../Frameworks";
				PRODUCT_NAME = "$(TARGET_NAME)";
				SWIFT_OBJC_BRIDGING_HEADER = "ObjcBridge-Bridging-Header.h";
				SWIFT_OPTIMIZATION_LEVEL = "-Onone";
			};
			name = Debug;
		};
		7E5487FC1971A8DF004E5977 /* Release */ = {
			isa = XCBuildConfiguration;
			buildSettings = {
				CLANG_ENABLE_MODULES = YES;
				LD_RUNPATH_SEARCH_PATHS = "$(inherited) @executable_path/../Frameworks @loader_path/../Frameworks";
				PRODUCT_NAME = "$(TARGET_NAME)";
				SWIFT_OBJC_BRIDGING_HEADER = "ObjcBridge-Bridging-Header.h";
			};
			name = Release;
		};
/* End XCBuildConfiguration section */

/* Begin XCConfigurationList section */
		7E5487EE1971A8DF004E5977 /* Build configuration list for PBXProject "ObjcBridge" */ = {
			isa = XCConfigurationList;
			buildConfigurations = (
				7E5487F81971A8DF004E5977 /* Debug */,
				7E5487F91971A8DF004E5977 /* Release */,
			);
			defaultConfigurationIsVisible = 0;
			defaultConfigurationName = Release;
		};
		7E5487FA1971A8DF004E5977 /* Build configuration list for PBXNativeTarget "ObjcBridge" */ = {
			isa = XCConfigurationList;
			buildConfigurations = (
				7E5487FB1971A8DF004E5977 /* Debug */,
				7E5487FC1971A8DF004E5977 /* Release */,
			);
			defaultConfigurationIsVisible = 0;
		};
/* End XCConfigurationList section */
	};
	rootObject = 7E5487EB1971A8DF004E5977 /* Project object */;
}
